// !$*UTF8*$!
{
	archiveVersion = 1;
	classes = {
	};
	objectVersion = 52;
	objects = {

/* Begin PBXBuildFile section */
		06E2006424A04F05004995FA /* Foundation.framework in Frameworks */ = {isa = PBXBuildFile; fileRef = 06E2006324A04F05004995FA /* Foundation.framework */; platformFilter = ios; };
		06E2006E24A04F05004995FA /* main.m in Sources */ = {isa = PBXBuildFile; fileRef = 06E2006D24A04F05004995FA /* main.m */; };
/* End PBXBuildFile section */

/* Begin PBXFileReference section */
		06E2006324A04F05004995FA /* Foundation.framework */ = {isa = PBXFileReference; lastKnownFileType = wrapper.framework; name = Foundation.framework; path = System/Library/Frameworks/Foundation.framework; sourceTree = SDKROOT; };
		06E2006824A04F05004995FA /* control */ = {isa = PBXFileReference; lastKnownFileType = text; path = control; sourceTree = "<group>"; };
		06E2006924A04F05004995FA /* monkeydev.entitlements */ = {isa = PBXFileReference; lastKnownFileType = text.plist.entitlements; path = monkeydev.entitlements; sourceTree = "<group>"; };
		06E2006C24A04F05004995FA /* 0xdeadfa11 */ = {isa = PBXFileReference; lastKnownFileType = text; path = 0xdeadfa11; sourceTree = "<group>"; };
		06E2006D24A04F05004995FA /* main.m */ = {isa = PBXFileReference; lastKnownFileType = sourcecode.c.objc; path = main.m; sourceTree = "<group>"; };
		06E2007024A04F05004995FA /* dev-modifyMem-Prefix.pch */ = {isa = PBXFileReference; lastKnownFileType = sourcecode.c.h; name = "dev-modifyMem-Prefix.pch"; path = "../dev-modifyMem-Prefix.pch"; sourceTree = "<group>"; };
/* End PBXFileReference section */

/* Begin PBXFrameworksBuildPhase section */
		06E2005F24A04F05004995FA /* Frameworks */ = {
			isa = PBXFrameworksBuildPhase;
			buildActionMask = 2147483647;
			files = (
				06E2006424A04F05004995FA /* Foundation.framework in Frameworks */,
			);
			runOnlyForDeploymentPostprocessing = 0;
		};
/* End PBXFrameworksBuildPhase section */

/* Begin PBXGroup section */
		06E2005924A04F05004995FA = {
			isa = PBXGroup;
			children = (
				06E2006524A04F05004995FA /* dev-modifyMem */,
				06E2006224A04F05004995FA /* Frameworks */,
			);
			sourceTree = "<group>";
		};
		06E2006224A04F05004995FA /* Frameworks */ = {
			isa = PBXGroup;
			children = (
				06E2006324A04F05004995FA /* Foundation.framework */,
			);
			name = Frameworks;
			sourceTree = "<group>";
		};
		06E2006524A04F05004995FA /* dev-modifyMem */ = {
			isa = PBXGroup;
			children = (
				06E2006924A04F05004995FA /* monkeydev.entitlements */,
				06E2006D24A04F05004995FA /* main.m */,
				06E2006624A04F05004995FA /* Package */,
				06E2006F24A04F05004995FA /* Supporting Files */,
			);
			path = "dev-modifyMem";
			sourceTree = "<group>";
		};
		06E2006624A04F05004995FA /* Package */ = {
			isa = PBXGroup;
			children = (
				06E2006724A04F05004995FA /* DEBIAN */,
				06E2006A24A04F05004995FA /* usr */,
			);
			path = Package;
			sourceTree = "<group>";
		};
		06E2006724A04F05004995FA /* DEBIAN */ = {
			isa = PBXGroup;
			children = (
				06E2006824A04F05004995FA /* control */,
			);
			path = DEBIAN;
			sourceTree = "<group>";
		};
		06E2006A24A04F05004995FA /* usr */ = {
			isa = PBXGroup;
			children = (
				06E2006B24A04F05004995FA /* bin */,
			);
			path = usr;
			sourceTree = "<group>";
		};
		06E2006B24A04F05004995FA /* bin */ = {
			isa = PBXGroup;
			children = (
				06E2006C24A04F05004995FA /* 0xdeadfa11 */,
			);
			path = bin;
			sourceTree = "<group>";
		};
		06E2006F24A04F05004995FA /* Supporting Files */ = {
			isa = PBXGroup;
			children = (
				06E2007024A04F05004995FA /* dev-modifyMem-Prefix.pch */,
			);
			path = "Supporting Files";
			sourceTree = "<group>";
		};
/* End PBXGroup section */

/* Begin PBXNativeTarget section */
		06E2006124A04F05004995FA /* dev-modifyMem */ = {
			isa = PBXNativeTarget;
			buildConfigurationList = 06E2007324A04F05004995FA /* Build configuration list for PBXNativeTarget "dev-modifyMem" */;
			buildPhases = (
				06E2005E24A04F05004995FA /* Sources */,
				06E2005F24A04F05004995FA /* Frameworks */,
				06E2006024A04F05004995FA /* ShellScript */,
			);
			buildRules = (
			);
			dependencies = (
			);
			name = "dev-modifyMem";
			productName = "dev-modifyMem";
			productType = "com.apple.product-type.tool";
		};
/* End PBXNativeTarget section */

/* Begin PBXProject section */
		06E2005A24A04F05004995FA /* Project object */ = {
			isa = PBXProject;
			attributes = {
				LastUpgradeCheck = 1110;
				TargetAttributes = {
					06E2006124A04F05004995FA = {
						CreatedOnToolsVersion = 11.1;
					};
				};
			};
			buildConfigurationList = 06E2005D24A04F05004995FA /* Build configuration list for PBXProject "dev-modifyMem" */;
			compatibilityVersion = "Xcode 9.3";
			developmentRegion = en;
			hasScannedForEncodings = 0;
			knownRegions = (
				en,
				Base,
			);
			mainGroup = 06E2005924A04F05004995FA;
			projectDirPath = "";
			projectRoot = "";
			targets = (
				06E2006124A04F05004995FA /* dev-modifyMem */,
			);
		};
/* End PBXProject section */

/* Begin PBXShellScriptBuildPhase section */
		06E2006024A04F05004995FA /* ShellScript */ = {
			isa = PBXShellScriptBuildPhase;
			buildActionMask = 2147483647;
			files = (
			);
			inputFileListPaths = (
			);
			inputPaths = (
			);
			outputFileListPaths = (
			);
			outputPaths = (
			);
			runOnlyForDeploymentPostprocessing = 0;
			shellPath = /bin/sh;
			shellScript = "/opt/MonkeyDev/bin/md --xcbp";
		};
/* End PBXShellScriptBuildPhase section */

/* Begin PBXSourcesBuildPhase section */
		06E2005E24A04F05004995FA /* Sources */ = {
			isa = PBXSourcesBuildPhase;
			buildActionMask = 2147483647;
			files = (
				06E2006E24A04F05004995FA /* main.m in Sources */,
			);
			runOnlyForDeploymentPostprocessing = 0;
		};
/* End PBXSourcesBuildPhase section */

/* Begin XCBuildConfiguration section */
		06E2007124A04F05004995FA /* Release */ = {
			isa = XCBuildConfiguration;
			buildSettings = {
				COPY_PHASE_STRIP = YES;
				EXCLUDED_RECURSIVE_SEARCH_PATH_SUBDIRECTORIES = "*.nib *.lproj *.gch (*) .DS_Store CVS .svn .git .hg *.xcodeproj *.xcode *.pbproj *.pbxproj";
				FRAMEWORK_SEARCH_PATHS = (
					"$(MonkeyDevPath)/frameworks/**",
					"$(MonkeyDevTheosPath)/vendor/lib",
				);
				GCC_C_LANGUAGE_STANDARD = gnu99;
				GCC_WARN_ABOUT_MISSING_PROTOTYPES = YES;
				GCC_WARN_ABOUT_RETURN_TYPE = YES;
				GCC_WARN_UNUSED_VARIABLE = YES;
				HEADER_SEARCH_PATHS = "$(MonkeyDevTheosPath)/vendor/include/**";
				IPHONEOS_DEPLOYMENT_TARGET = 8.0;
				LIBRARY_SEARCH_PATHS = "$(MonkeyDevTheosPath)/vendor/lib/**";
				MonkeyDevPath = /opt/MonkeyDev;
				MonkeyDevTheosPath = /opt/theos;
				OTHER_CFLAGS = "-DTHEOS_INSTANCE_NAME=\"\\\"dev-modifyMem\\\"\"";
				SDKROOT = iphoneos;
				TARGETED_DEVICE_FAMILY = "1,2";
				VALIDATE_PRODUCT = YES;
			};
			name = Release;
		};
		06E2007224A04F05004995FA /* Debug */ = {
			isa = XCBuildConfiguration;
			buildSettings = {
				COPY_PHASE_STRIP = NO;
				EXCLUDED_RECURSIVE_SEARCH_PATH_SUBDIRECTORIES = "*.nib *.lproj *.gch (*) .DS_Store CVS .svn .git .hg *.xcodeproj *.xcode *.pbproj *.pbxproj";
				FRAMEWORK_SEARCH_PATHS = (
					"$(MonkeyDevPath)/frameworks/**",
					"$(MonkeyDevTheosPath)/vendor/lib",
				);
				GCC_C_LANGUAGE_STANDARD = gnu99;
				GCC_DYNAMIC_NO_PIC = NO;
				GCC_OPTIMIZATION_LEVEL = 0;
				GCC_PREPROCESSOR_DEFINITIONS = (
					"DEBUG=1",
					"$(inherited)",
				);
				GCC_SYMBOLS_PRIVATE_EXTERN = NO;
				GCC_WARN_ABOUT_MISSING_PROTOTYPES = YES;
				GCC_WARN_ABOUT_RETURN_TYPE = YES;
				GCC_WARN_UNUSED_VARIABLE = YES;
				HEADER_SEARCH_PATHS = "$(MonkeyDevTheosPath)/vendor/include/**";
				IPHONEOS_DEPLOYMENT_TARGET = 8.0;
				LIBRARY_SEARCH_PATHS = "$(MonkeyDevTheosPath)/vendor/lib/**";
				MonkeyDevPath = /opt/MonkeyDev;
				MonkeyDevTheosPath = /opt/theos;
				ONLY_ACTIVE_ARCH = YES;
				OTHER_CFLAGS = "-DTHEOS_INSTANCE_NAME=\"\\\"dev-modifyMem\\\"\"";
				SDKROOT = iphoneos;
				TARGETED_DEVICE_FAMILY = "1,2";
				VALIDATE_PRODUCT = NO;
			};
			name = Debug;
		};
		06E2007424A04F05004995FA /* Release */ = {
			isa = XCBuildConfiguration;
			buildSettings = {
				CLANG_ENABLE_OBJC_ARC = YES;
				CODE_SIGN_ENTITLEMENTS = "dev-modifyMem/monkeydev.entitlements";
				CODE_SIGN_IDENTITY = "iPhone Developer";
				CODE_SIGN_STYLE = Automatic;
				DEVELOPMENT_TEAM = RKUDB433U9;
				GCC_PRECOMPILE_PREFIX_HEADER = YES;
				GCC_PREFIX_HEADER = "dev-modifyMem/dev-modifyMem-Prefix.pch";
				INSTALL_PATH = /usr/bin;
				MonkeyDevBuildPackageOnAnyBuild = NO;
				MonkeyDevClearUiCacheOnInstall = NO;
				MonkeyDevCopyOnBuild = NO;
				MonkeyDevDeviceIP = 127.0.0.1;
				MonkeyDevDevicePassword = alpine;
				MonkeyDevDevicePort = 1025;
				MonkeyDevInstallOnAnyBuild = YES;
				MonkeyDevInstallOnProfiling = YES;
				MonkeyDevkillProcessOnInstall = "";
				PRODUCT_NAME = "$(TARGET_NAME)";
				TARGETED_DEVICE_FAMILY = "1,2";
			};
			name = Release;
		};
		06E2007524A04F05004995FA /* Debug */ = {
			isa = XCBuildConfiguration;
			buildSettings = {
				CLANG_ENABLE_OBJC_ARC = YES;
				CODE_SIGN_ENTITLEMENTS = "dev-modifyMem/monkeydev.entitlements";
				CODE_SIGN_IDENTITY = "iPhone Developer";
				CODE_SIGN_STYLE = Automatic;
				DEVELOPMENT_TEAM = RKUDB433U9;
				GCC_PRECOMPILE_PREFIX_HEADER = YES;
				GCC_PREFIX_HEADER = "dev-modifyMem/dev-modifyMem-Prefix.pch";
				INSTALL_PATH = /usr/bin;
				MonkeyDevBuildPackageOnAnyBuild = NO;
				MonkeyDevClearUiCacheOnInstall = NO;
				MonkeyDevCopyOnBuild = NO;
				MonkeyDevDeviceIP = 127.0.0.1;
				MonkeyDevDevicePassword = alpine;
				MonkeyDevDevicePort = 1025;
				MonkeyDevInstallOnAnyBuild = YES;
				MonkeyDevInstallOnProfiling = YES;
				MonkeyDevkillProcessOnInstall = "";
				PRODUCT_NAME = "$(TARGET_NAME)";
				TARGETED_DEVICE_FAMILY = "1,2";
			};
			name = Debug;
		};
/* End XCBuildConfiguration section */

/* Begin XCConfigurationList section */
		06E2005D24A04F05004995FA /* Build configuration list for PBXProject "dev-modifyMem" */ = {
			isa = XCConfigurationList;
			buildConfigurations = (
				06E2007124A04F05004995FA /* Release */,
				06E2007224A04F05004995FA /* Debug */,
			);
			defaultConfigurationIsVisible = 0;
			defaultConfigurationName = Release;
		};
		06E2007324A04F05004995FA /* Build configuration list for PBXNativeTarget "dev-modifyMem" */ = {
			isa = XCConfigurationList;
			buildConfigurations = (
				06E2007424A04F05004995FA /* Release */,
				06E2007524A04F05004995FA /* Debug */,
			);
			defaultConfigurationIsVisible = 0;
			defaultConfigurationName = Release;
		};
/* End XCConfigurationList section */
	};
	rootObject = 06E2005A24A04F05004995FA /* Project object */;
}
